// !$*UTF8*$!
{
	archiveVersion = 1;
	classes = {
	};
	objectVersion = 46;
	objects = {

/* Begin PBXBuildFile section */
		D38989134F85F78B42FCC961 /* Pods_SocialNetwork.framework in Frameworks */ = {isa = PBXBuildFile; fileRef = 1BBD2F8194535AC17C42A3B4 /* Pods_SocialNetwork.framework */; };
		EB29AF9A1F04585000F3FAD1 /* FeedVC.swift in Sources */ = {isa = PBXBuildFile; fileRef = EB29AF991F04585000F3FAD1 /* FeedVC.swift */; };
		EBFED6981F02828A002DCC8D /* AppDelegate.swift in Sources */ = {isa = PBXBuildFile; fileRef = EBFED6971F02828A002DCC8D /* AppDelegate.swift */; };
		EBFED69A1F02828A002DCC8D /* SignInVC.swift in Sources */ = {isa = PBXBuildFile; fileRef = EBFED6991F02828A002DCC8D /* SignInVC.swift */; };
		EBFED69D1F02828A002DCC8D /* Main.storyboard in Resources */ = {isa = PBXBuildFile; fileRef = EBFED69B1F02828A002DCC8D /* Main.storyboard */; };
		EBFED69F1F02828A002DCC8D /* Assets.xcassets in Resources */ = {isa = PBXBuildFile; fileRef = EBFED69E1F02828A002DCC8D /* Assets.xcassets */; };
		EBFED6A21F02828A002DCC8D /* LaunchScreen.storyboard in Resources */ = {isa = PBXBuildFile; fileRef = EBFED6A01F02828A002DCC8D /* LaunchScreen.storyboard */; };
		EBFED6AA1F028343002DCC8D /* GoogleService-Info.plist in Resources */ = {isa = PBXBuildFile; fileRef = EBFED6A91F028343002DCC8D /* GoogleService-Info.plist */; };
		EBFED6AF1F0299A1002DCC8D /* FancyView.swift in Sources */ = {isa = PBXBuildFile; fileRef = EBFED6AE1F0299A1002DCC8D /* FancyView.swift */; };
		EBFED6B21F029A28002DCC8D /* Constants.swift in Sources */ = {isa = PBXBuildFile; fileRef = EBFED6B11F029A28002DCC8D /* Constants.swift */; };
		EBFED6B41F029B9B002DCC8D /* RoundButton.swift in Sources */ = {isa = PBXBuildFile; fileRef = EBFED6B31F029B9B002DCC8D /* RoundButton.swift */; };
		EBFED6B61F029D18002DCC8D /* FancyField.swift in Sources */ = {isa = PBXBuildFile; fileRef = EBFED6B51F029D18002DCC8D /* FancyField.swift */; };
		EBFED6B81F029E90002DCC8D /* FancyButton.swift in Sources */ = {isa = PBXBuildFile; fileRef = EBFED6B71F029E90002DCC8D /* FancyButton.swift */; };
/* End PBXBuildFile section */

/* Begin PBXFileReference section */
		1BBD2F8194535AC17C42A3B4 /* Pods_SocialNetwork.framework */ = {isa = PBXFileReference; explicitFileType = wrapper.framework; includeInIndex = 0; path = Pods_SocialNetwork.framework; sourceTree = BUILT_PRODUCTS_DIR; };
		3DBF9472352D365DDADD3B6A /* Pods-SocialNetwork.release.xcconfig */ = {isa = PBXFileReference; includeInIndex = 1; lastKnownFileType = text.xcconfig; name = "Pods-SocialNetwork.release.xcconfig"; path = "Pods/Target Support Files/Pods-SocialNetwork/Pods-SocialNetwork.release.xcconfig"; sourceTree = "<group>"; };
		3F64810A7B9A15807F835845 /* Pods-SocialNetwork.debug.xcconfig */ = {isa = PBXFileReference; includeInIndex = 1; lastKnownFileType = text.xcconfig; name = "Pods-SocialNetwork.debug.xcconfig"; path = "Pods/Target Support Files/Pods-SocialNetwork/Pods-SocialNetwork.debug.xcconfig"; sourceTree = "<group>"; };
		EB29AF991F04585000F3FAD1 /* FeedVC.swift */ = {isa = PBXFileReference; fileEncoding = 4; lastKnownFileType = sourcecode.swift; path = FeedVC.swift; sourceTree = "<group>"; };
		EBFED6941F02828A002DCC8D /* SocialNetwork.app */ = {isa = PBXFileReference; explicitFileType = wrapper.application; includeInIndex = 0; path = SocialNetwork.app; sourceTree = BUILT_PRODUCTS_DIR; };
		EBFED6971F02828A002DCC8D /* AppDelegate.swift */ = {isa = PBXFileReference; lastKnownFileType = sourcecode.swift; path = AppDelegate.swift; sourceTree = "<group>"; };
		EBFED6991F02828A002DCC8D /* SignInVC.swift */ = {isa = PBXFileReference; lastKnownFileType = sourcecode.swift; path = SignInVC.swift; sourceTree = "<group>"; };
		EBFED69C1F02828A002DCC8D /* Base */ = {isa = PBXFileReference; lastKnownFileType = file.storyboard; name = Base; path = Base.lproj/Main.storyboard; sourceTree = "<group>"; };
		EBFED69E1F02828A002DCC8D /* Assets.xcassets */ = {isa = PBXFileReference; lastKnownFileType = folder.assetcatalog; path = Assets.xcassets; sourceTree = "<group>"; };
		EBFED6A11F02828A002DCC8D /* Base */ = {isa = PBXFileReference; lastKnownFileType = file.storyboard; name = Base; path = Base.lproj/LaunchScreen.storyboard; sourceTree = "<group>"; };
		EBFED6A31F02828A002DCC8D /* Info.plist */ = {isa = PBXFileReference; lastKnownFileType = text.plist.xml; path = Info.plist; sourceTree = "<group>"; };
		EBFED6A91F028343002DCC8D /* GoogleService-Info.plist */ = {isa = PBXFileReference; fileEncoding = 4; lastKnownFileType = text.plist.xml; path = "GoogleService-Info.plist"; sourceTree = "<group>"; };
		EBFED6AE1F0299A1002DCC8D /* FancyView.swift */ = {isa = PBXFileReference; fileEncoding = 4; lastKnownFileType = sourcecode.swift; path = FancyView.swift; sourceTree = "<group>"; };
		EBFED6B11F029A28002DCC8D /* Constants.swift */ = {isa = PBXFileReference; fileEncoding = 4; lastKnownFileType = sourcecode.swift; path = Constants.swift; sourceTree = "<group>"; };
		EBFED6B31F029B9B002DCC8D /* RoundButton.swift */ = {isa = PBXFileReference; fileEncoding = 4; lastKnownFileType = sourcecode.swift; path = RoundButton.swift; sourceTree = "<group>"; };
		EBFED6B51F029D18002DCC8D /* FancyField.swift */ = {isa = PBXFileReference; fileEncoding = 4; lastKnownFileType = sourcecode.swift; path = FancyField.swift; sourceTree = "<group>"; };
		EBFED6B71F029E90002DCC8D /* FancyButton.swift */ = {isa = PBXFileReference; fileEncoding = 4; lastKnownFileType = sourcecode.swift; path = FancyButton.swift; sourceTree = "<group>"; };
		EBFED6B91F02ADE0002DCC8D /* SocialNetwork.entitlements */ = {isa = PBXFileReference; lastKnownFileType = text.plist.entitlements; path = SocialNetwork.entitlements; sourceTree = "<group>"; };
/* End PBXFileReference section */

/* Begin PBXFrameworksBuildPhase section */
		EBFED6911F02828A002DCC8D /* Frameworks */ = {
			isa = PBXFrameworksBuildPhase;
			buildActionMask = 2147483647;
			files = (
				D38989134F85F78B42FCC961 /* Pods_SocialNetwork.framework in Frameworks */,
			);
			runOnlyForDeploymentPostprocessing = 0;
		};
/* End PBXFrameworksBuildPhase section */

/* Begin PBXGroup section */
		E639DA06D5B7A9B12ECC7E8F /* Frameworks */ = {
			isa = PBXGroup;
			children = (
				1BBD2F8194535AC17C42A3B4 /* Pods_SocialNetwork.framework */,
			);
			name = Frameworks;
			sourceTree = "<group>";
		};
		EBFED68B1F02828A002DCC8D = {
			isa = PBXGroup;
			children = (
				EBFED6961F02828A002DCC8D /* SocialNetwork */,
				EBFED6951F02828A002DCC8D /* Products */,
				F9FBC73E4CE89FC919318569 /* Pods */,
				E639DA06D5B7A9B12ECC7E8F /* Frameworks */,
			);
			sourceTree = "<group>";
		};
		EBFED6951F02828A002DCC8D /* Products */ = {
			isa = PBXGroup;
			children = (
				EBFED6941F02828A002DCC8D /* SocialNetwork.app */,
			);
			name = Products;
			sourceTree = "<group>";
		};
		EBFED6961F02828A002DCC8D /* SocialNetwork */ = {
			isa = PBXGroup;
			children = (
				EBFED6B91F02ADE0002DCC8D /* SocialNetwork.entitlements */,
				EBFED6B01F0299FA002DCC8D /* Util */,
				EBFED6AB1F0284EF002DCC8D /* Model */,
				EBFED6AC1F0284F6002DCC8D /* View */,
				EBFED6AD1F0284FC002DCC8D /* Controller */,
				EBFED6971F02828A002DCC8D /* AppDelegate.swift */,
				EBFED69B1F02828A002DCC8D /* Main.storyboard */,
				EBFED69E1F02828A002DCC8D /* Assets.xcassets */,
				EBFED6A01F02828A002DCC8D /* LaunchScreen.storyboard */,
				EBFED6A31F02828A002DCC8D /* Info.plist */,
				EBFED6A91F028343002DCC8D /* GoogleService-Info.plist */,
			);
			path = SocialNetwork;
			sourceTree = "<group>";
		};
		EBFED6AB1F0284EF002DCC8D /* Model */ = {
			isa = PBXGroup;
			children = (
			);
			name = Model;
			sourceTree = "<group>";
		};
		EBFED6AC1F0284F6002DCC8D /* View */ = {
			isa = PBXGroup;
			children = (
				EBFED6AE1F0299A1002DCC8D /* FancyView.swift */,
				EBFED6B31F029B9B002DCC8D /* RoundButton.swift */,
				EBFED6B51F029D18002DCC8D /* FancyField.swift */,
				EBFED6B71F029E90002DCC8D /* FancyButton.swift */,
			);
			name = View;
			sourceTree = "<group>";
		};
		EBFED6AD1F0284FC002DCC8D /* Controller */ = {
			isa = PBXGroup;
			children = (
				EBFED6991F02828A002DCC8D /* SignInVC.swift */,
				EB29AF991F04585000F3FAD1 /* FeedVC.swift */,
			);
			name = Controller;
			sourceTree = "<group>";
		};
		EBFED6B01F0299FA002DCC8D /* Util */ = {
			isa = PBXGroup;
			children = (
				EBFED6B11F029A28002DCC8D /* Constants.swift */,
			);
			name = Util;
			sourceTree = "<group>";
		};
		F9FBC73E4CE89FC919318569 /* Pods */ = {
			isa = PBXGroup;
			children = (
				3F64810A7B9A15807F835845 /* Pods-SocialNetwork.debug.xcconfig */,
				3DBF9472352D365DDADD3B6A /* Pods-SocialNetwork.release.xcconfig */,
			);
			name = Pods;
			sourceTree = "<group>";
		};
/* End PBXGroup section */

/* Begin PBXNativeTarget section */
		EBFED6931F02828A002DCC8D /* SocialNetwork */ = {
			isa = PBXNativeTarget;
			buildConfigurationList = EBFED6A61F02828A002DCC8D /* Build configuration list for PBXNativeTarget "SocialNetwork" */;
			buildPhases = (
				31A435D10757E27554EF7123 /* [CP] Check Pods Manifest.lock */,
				EBFED6901F02828A002DCC8D /* Sources */,
				EBFED6911F02828A002DCC8D /* Frameworks */,
				EBFED6921F02828A002DCC8D /* Resources */,
				E89487FA4F48E9555B88DB57 /* [CP] Embed Pods Frameworks */,
				28D740D7F405C06E883974B5 /* [CP] Copy Pods Resources */,
			);
			buildRules = (
			);
			dependencies = (
			);
			name = SocialNetwork;
			productName = SocialNetwork;
			productReference = EBFED6941F02828A002DCC8D /* SocialNetwork.app */;
			productType = "com.apple.product-type.application";
		};
/* End PBXNativeTarget section */

/* Begin PBXProject section */
		EBFED68C1F02828A002DCC8D /* Project object */ = {
			isa = PBXProject;
			attributes = {
				LastSwiftUpdateCheck = 0830;
				LastUpgradeCheck = 0830;
				ORGANIZATIONNAME = "the Luckiest";
				TargetAttributes = {
					EBFED6931F02828A002DCC8D = {
						CreatedOnToolsVersion = 8.3.3;
						DevelopmentTeam = Z59CRYWHG5;
						ProvisioningStyle = Automatic;
						SystemCapabilities = {
							com.apple.Keychain = {
								enabled = 0;
							};
						};
					};
				};
			};
			buildConfigurationList = EBFED68F1F02828A002DCC8D /* Build configuration list for PBXProject "SocialNetwork" */;
			compatibilityVersion = "Xcode 3.2";
			developmentRegion = English;
			hasScannedForEncodings = 0;
			knownRegions = (
				en,
				Base,
			);
			mainGroup = EBFED68B1F02828A002DCC8D;
			productRefGroup = EBFED6951F02828A002DCC8D /* Products */;
			projectDirPath = "";
			projectRoot = "";
			targets = (
				EBFED6931F02828A002DCC8D /* SocialNetwork */,
			);
		};
/* End PBXProject section */

/* Begin PBXResourcesBuildPhase section */
		EBFED6921F02828A002DCC8D /* Resources */ = {
			isa = PBXResourcesBuildPhase;
			buildActionMask = 2147483647;
			files = (
				EBFED6A21F02828A002DCC8D /* LaunchScreen.storyboard in Resources */,
				EBFED6AA1F028343002DCC8D /* GoogleService-Info.plist in Resources */,
				EBFED69F1F02828A002DCC8D /* Assets.xcassets in Resources */,
				EBFED69D1F02828A002DCC8D /* Main.storyboard in Resources */,
			);
			runOnlyForDeploymentPostprocessing = 0;
		};
/* End PBXResourcesBuildPhase section */

/* Begin PBXShellScriptBuildPhase section */
		28D740D7F405C06E883974B5 /* [CP] Copy Pods Resources */ = {
			isa = PBXShellScriptBuildPhase;
			buildActionMask = 2147483647;
			files = (
			);
			inputPaths = (
			);
			name = "[CP] Copy Pods Resources";
			outputPaths = (
			);
			runOnlyForDeploymentPostprocessing = 0;
			shellPath = /bin/sh;
			shellScript = "\"${SRCROOT}/Pods/Target Support Files/Pods-SocialNetwork/Pods-SocialNetwork-resources.sh\"\n";
			showEnvVarsInLog = 0;
		};
		31A435D10757E27554EF7123 /* [CP] Check Pods Manifest.lock */ = {
			isa = PBXShellScriptBuildPhase;
			buildActionMask = 2147483647;
			files = (
			);
			inputPaths = (
			);
			name = "[CP] Check Pods Manifest.lock";
			outputPaths = (
			);
			runOnlyForDeploymentPostprocessing = 0;
			shellPath = /bin/sh;
			shellScript = "diff \"${PODS_PODFILE_DIR_PATH}/Podfile.lock\" \"${PODS_ROOT}/Manifest.lock\" > /dev/null\nif [ $? != 0 ] ; then\n    # print error to STDERR\n    echo \"error: The sandbox is not in sync with the Podfile.lock. Run 'pod install' or update your CocoaPods installation.\" >&2\n    exit 1\nfi\n";
			showEnvVarsInLog = 0;
		};
		E89487FA4F48E9555B88DB57 /* [CP] Embed Pods Frameworks */ = {
			isa = PBXShellScriptBuildPhase;
			buildActionMask = 2147483647;
			files = (
			);
			inputPaths = (
			);
			name = "[CP] Embed Pods Frameworks";
			outputPaths = (
			);
			runOnlyForDeploymentPostprocessing = 0;
			shellPath = /bin/sh;
			shellScript = "\"${SRCROOT}/Pods/Target Support Files/Pods-SocialNetwork/Pods-SocialNetwork-frameworks.sh\"\n";
			showEnvVarsInLog = 0;
		};
/* End PBXShellScriptBuildPhase section */

/* Begin PBXSourcesBuildPhase section */
		EBFED6901F02828A002DCC8D /* Sources */ = {
			isa = PBXSourcesBuildPhase;
			buildActionMask = 2147483647;
			files = (
				EBFED6B61F029D18002DCC8D /* FancyField.swift in Sources */,
				EBFED69A1F02828A002DCC8D /* SignInVC.swift in Sources */,
				EBFED6B41F029B9B002DCC8D /* RoundButton.swift in Sources */,
				EBFED6B81F029E90002DCC8D /* FancyButton.swift in Sources */,
				EB29AF9A1F04585000F3FAD1 /* FeedVC.swift in Sources */,
				EBFED6981F02828A002DCC8D /* AppDelegate.swift in Sources */,
				EBFED6AF1F0299A1002DCC8D /* FancyView.swift in Sources */,
				EBFED6B21F029A28002DCC8D /* Constants.swift in Sources */,
			);
			runOnlyForDeploymentPostprocessing = 0;
		};
/* End PBXSourcesBuildPhase section */

/* Begin PBXVariantGroup section */
		EBFED69B1F02828A002DCC8D /* Main.storyboard */ = {
			isa = PBXVariantGroup;
			children = (
				EBFED69C1F02828A002DCC8D /* Base */,
			);
			name = Main.storyboard;
			sourceTree = "<group>";
		};
		EBFED6A01F02828A002DCC8D /* LaunchScreen.storyboard */ = {
			isa = PBXVariantGroup;
			children = (
				EBFED6A11F02828A002DCC8D /* Base */,
			);
			name = LaunchScreen.storyboard;
			sourceTree = "<group>";
		};
/* End PBXVariantGroup section */

/* Begin XCBuildConfiguration section */
		EBFED6A41F02828A002DCC8D /* Debug */ = {
			isa = XCBuildConfiguration;
			buildSettings = {
				ALWAYS_SEARCH_USER_PATHS = NO;
				CLANG_ANALYZER_NONNULL = YES;
				CLANG_ANALYZER_NUMBER_OBJECT_CONVERSION = YES_AGGRESSIVE;
				CLANG_CXX_LANGUAGE_STANDARD = "gnu++0x";
				CLANG_CXX_LIBRARY = "libc++";
				CLANG_ENABLE_MODULES = YES;
				CLANG_ENABLE_OBJC_ARC = YES;
				CLANG_WARN_BOOL_CONVERSION = YES;
				CLANG_WARN_CONSTANT_CONVERSION = YES;
				CLANG_WARN_DIRECT_OBJC_ISA_USAGE = YES_ERROR;
				CLANG_WARN_DOCUMENTATION_COMMENTS = YES;
				CLANG_WARN_EMPTY_BODY = YES;
				CLANG_WARN_ENUM_CONVERSION = YES;
				CLANG_WARN_INFINITE_RECURSION = YES;
				CLANG_WARN_INT_CONVERSION = YES;
				CLANG_WARN_OBJC_ROOT_CLASS = YES_ERROR;
				CLANG_WARN_SUSPICIOUS_MOVE = YES;
				CLANG_WARN_UNREACHABLE_CODE = YES;
				CLANG_WARN__DUPLICATE_METHOD_MATCH = YES;
				"CODE_SIGN_IDENTITY[sdk=iphoneos*]" = "iPhone Developer";
				COPY_PHASE_STRIP = NO;
				DEBUG_INFORMATION_FORMAT = dwarf;
				ENABLE_STRICT_OBJC_MSGSEND = YES;
				ENABLE_TESTABILITY = YES;
				GCC_C_LANGUAGE_STANDARD = gnu99;
				GCC_DYNAMIC_NO_PIC = NO;
				GCC_NO_COMMON_BLOCKS = YES;
				GCC_OPTIMIZATION_LEVEL = 0;
				GCC_PREPROCESSOR_DEFINITIONS = (
					"DEBUG=1",
					"$(inherited)",
				);
				GCC_WARN_64_TO_32_BIT_CONVERSION = YES;
				GCC_WARN_ABOUT_RETURN_TYPE = YES_ERROR;
				GCC_WARN_UNDECLARED_SELECTOR = YES;
				GCC_WARN_UNINITIALIZED_AUTOS = YES_AGGRESSIVE;
				GCC_WARN_UNUSED_FUNCTION = YES;
				GCC_WARN_UNUSED_VARIABLE = YES;
				IPHONEOS_DEPLOYMENT_TARGET = 10.3;
				MTL_ENABLE_DEBUG_INFO = YES;
				ONLY_ACTIVE_ARCH = YES;
				SDKROOT = iphoneos;
				SWIFT_ACTIVE_COMPILATION_CONDITIONS = DEBUG;
				SWIFT_OPTIMIZATION_LEVEL = "-Onone";
				TARGETED_DEVICE_FAMILY = "1,2";
			};
			name = Debug;
		};
		EBFED6A51F02828A002DCC8D /* Release */ = {
			isa = XCBuildConfiguration;
			buildSettings = {
				ALWAYS_SEARCH_USER_PATHS = NO;
				CLANG_ANALYZER_NONNULL = YES;
				CLANG_ANALYZER_NUMBER_OBJECT_CONVERSION = YES_AGGRESSIVE;
				CLANG_CXX_LANGUAGE_STANDARD = "gnu++0x";
				CLANG_CXX_LIBRARY = "libc++";
				CLANG_ENABLE_MODULES = YES;
				CLANG_ENABLE_OBJC_ARC = YES;
				CLANG_WARN_BOOL_CONVERSION = YES;
				CLANG_WARN_CONSTANT_CONVERSION = YES;
				CLANG_WARN_DIRECT_OBJC_ISA_USAGE = YES_ERROR;
				CLANG_WARN_DOCUMENTATION_COMMENTS = YES;
				CLANG_WARN_EMPTY_BODY = YES;
				CLANG_WARN_ENUM_CONVERSION = YES;
				CLANG_WARN_INFINITE_RECURSION = YES;
				CLANG_WARN_INT_CONVERSION = YES;
				CLANG_WARN_OBJC_ROOT_CLASS = YES_ERROR;
				CLANG_WARN_SUSPICIOUS_MOVE = YES;
				CLANG_WARN_UNREACHABLE_CODE = YES;
				CLANG_WARN__DUPLICATE_METHOD_MATCH = YES;
				"CODE_SIGN_IDENTITY[sdk=iphoneos*]" = "iPhone Developer";
				COPY_PHASE_STRIP = NO;
				DEBUG_INFORMATION_FORMAT = "dwarf-with-dsym";
				ENABLE_NS_ASSERTIONS = NO;
				ENABLE_STRICT_OBJC_MSGSEND = YES;
				GCC_C_LANGUAGE_STANDARD = gnu99;
				GCC_NO_COMMON_BLOCKS = YES;
				GCC_WARN_64_TO_32_BIT_CONVERSION = YES;
				GCC_WARN_ABOUT_RETURN_TYPE = YES_ERROR;
				GCC_WARN_UNDECLARED_SELECTOR = YES;
				GCC_WARN_UNINITIALIZED_AUTOS = YES_AGGRESSIVE;
				GCC_WARN_UNUSED_FUNCTION = YES;
				GCC_WARN_UNUSED_VARIABLE = YES;
				IPHONEOS_DEPLOYMENT_TARGET = 10.3;
				MTL_ENABLE_DEBUG_INFO = NO;
				SDKROOT = iphoneos;
				SWIFT_OPTIMIZATION_LEVEL = "-Owholemodule";
				TARGETED_DEVICE_FAMILY = "1,2";
				VALIDATE_PRODUCT = YES;
			};
			name = Release;
		};
		EBFED6A71F02828A002DCC8D /* Debug */ = {
			isa = XCBuildConfiguration;
			baseConfigurationReference = 3F64810A7B9A15807F835845 /* Pods-SocialNetwork.debug.xcconfig */;
			buildSettings = {
				ASSETCATALOG_COMPILER_APPICON_NAME = AppIcon;
				DEVELOPMENT_TEAM = Z59CRYWHG5;
				INFOPLIST_FILE = SocialNetwork/Info.plist;
				LD_RUNPATH_SEARCH_PATHS = "$(inherited) @executable_path/Frameworks";
				PRODUCT_BUNDLE_IDENTIFIER = com.masterbugs.SocialNetwork;
				PRODUCT_NAME = "$(TARGET_NAME)";
				SWIFT_VERSION = 3.0;
			};
			name = Debug;
		};
		EBFED6A81F02828A002DCC8D /* Release */ = {
			isa = XCBuildConfiguration;
			baseConfigurationReference = 3DBF9472352D365DDADD3B6A /* Pods-SocialNetwork.release.xcconfig */;
			buildSettings = {
				ASSETCATALOG_COMPILER_APPICON_NAME = AppIcon;
				DEVELOPMENT_TEAM = Z59CRYWHG5;
				INFOPLIST_FILE = SocialNetwork/Info.plist;
				LD_RUNPATH_SEARCH_PATHS = "$(inherited) @executable_path/Frameworks";
				PRODUCT_BUNDLE_IDENTIFIER = com.masterbugs.SocialNetwork;
				PRODUCT_NAME = "$(TARGET_NAME)";
				SWIFT_VERSION = 3.0;
			};
			name = Release;
		};
/* End XCBuildConfiguration section */

/* Begin XCConfigurationList section */
		EBFED68F1F02828A002DCC8D /* Build configuration list for PBXProject "SocialNetwork" */ = {
			isa = XCConfigurationList;
			buildConfigurations = (
				EBFED6A41F02828A002DCC8D /* Debug */,
				EBFED6A51F02828A002DCC8D /* Release */,
			);
			defaultConfigurationIsVisible = 0;
			defaultConfigurationName = Release;
		};
		EBFED6A61F02828A002DCC8D /* Build configuration list for PBXNativeTarget "SocialNetwork" */ = {
			isa = XCConfigurationList;
			buildConfigurations = (
				EBFED6A71F02828A002DCC8D /* Debug */,
				EBFED6A81F02828A002DCC8D /* Release */,
			);
			defaultConfigurationIsVisible = 0;
			defaultConfigurationName = Release;
		};
/* End XCConfigurationList section */
	};
	rootObject = EBFED68C1F02828A002DCC8D /* Project object */;
}
